Microsoft Visual Studio Solution File, Format Version 12.00
# Visual Studio Version 17
VisualStudioVersion = 17.14.36518.9
MinimumVisualStudioVersion = 10.0.40219.1
Project("{FAE04EC0-301F-11D3-BF4B-00C04F79EFBC}") = "Overflow.AppHost", "Overflow.AppHost\Overflow.AppHost.csproj", "{F090EABE-3EA2-4B2D-8BBD-B5D5E0125C05}"
EndProject
Project("{FAE04EC0-301F-11D3-BF4B-00C04F79EFBC}") = "Overflow.ServiceDefaults", "Overflow.ServiceDefaults\Overflow.ServiceDefaults.csproj", "{9FFD5E45-942B-0C74-AB32-283D13458368}"
EndProject
Project("{2150E333-8FDC-42A3-9474-1A3956D46DE8}") = "services", "services", "{02EA681E-C7D8-13C7-8484-4AC65E1B71E8}"
EndProject
Project("{FAE04EC0-301F-11D3-BF4B-00C04F79EFBC}") = "QuestionService", "QuestionService\QuestionService.csproj", "{DE7204BF-7731-4415-9C7E-A84A3F73802C}"
EndProject
Project("{FAE04EC0-301F-11D3-BF4B-00C04F79EFBC}") = "SearchService", "SearchService\SearchService.csproj", "{10C00874-2293-462E-98BF-C2C530714219}"
EndProject
Global
	GlobalSection(SolutionConfigurationPlatforms) = preSolution
		Debug|Any CPU = Debug|Any CPU
		Release|Any CPU = Release|Any CPU
	EndGlobalSection
	GlobalSection(ProjectConfigurationPlatforms) = postSolution
		{F090EABE-3EA2-4B2D-8BBD-B5D5E0125C05}.Debug|Any CPU.ActiveCfg = Debug|Any CPU
		{F090EABE-3EA2-4B2D-8BBD-B5D5E0125C05}.Debug|Any CPU.Build.0 = Debug|Any CPU
		{F090EABE-3EA2-4B2D-8BBD-B5D5E0125C05}.Release|Any CPU.ActiveCfg = Release|Any CPU
		{F090EABE-3EA2-4B2D-8BBD-B5D5E0125C05}.Release|Any CPU.Build.0 = Release|Any CPU
		{9FFD5E45-942B-0C74-AB32-283D13458368}.Debug|Any CPU.ActiveCfg = Debug|Any CPU
		{9FFD5E45-942B-0C74-AB32-283D13458368}.Debug|Any CPU.Build.0 = Debug|Any CPU
		{9FFD5E45-942B-0C74-AB32-283D13458368}.Release|Any CPU.ActiveCfg = Release|Any CPU
		{9FFD5E45-942B-0C74-AB32-283D13458368}.Release|Any CPU.Build.0 = Release|Any CPU
		{DE7204BF-7731-4415-9C7E-A84A3F73802C}.Debug|Any CPU.ActiveCfg = Debug|Any CPU
		{DE7204BF-7731-4415-9C7E-A84A3F73802C}.Debug|Any CPU.Build.0 = Debug|Any CPU
		{DE7204BF-7731-4415-9C7E-A84A3F73802C}.Release|Any CPU.ActiveCfg = Release|Any CPU
		{DE7204BF-7731-4415-9C7E-A84A3F73802C}.Release|Any CPU.Build.0 = Release|Any CPU
		{10C00874-2293-462E-98BF-C2C530714219}.Debug|Any CPU.ActiveCfg = Debug|Any CPU
		{10C00874-2293-462E-98BF-C2C530714219}.Debug|Any CPU.Build.0 = Debug|Any CPU
		{10C00874-2293-462E-98BF-C2C530714219}.Release|Any CPU.ActiveCfg = Release|Any CPU
		{10C00874-2293-462E-98BF-C2C530714219}.Release|Any CPU.Build.0 = Release|Any CPU
	EndGlobalSection
	GlobalSection(SolutionProperties) = preSolution
		HideSolutionNode = FALSE
	EndGlobalSection
	GlobalSection(NestedProjects) = preSolution
		{DE7204BF-7731-4415-9C7E-A84A3F73802C} = {02EA681E-C7D8-13C7-8484-4AC65E1B71E8}
		{10C00874-2293-462E-98BF-C2C530714219} = {02EA681E-C7D8-13C7-8484-4AC65E1B71E8}
	EndGlobalSection
	GlobalSection(ExtensibilityGlobals) = postSolution
		SolutionGuid = {25269C43-F3F0-4455-B3C0-CBFEF9E86D1F}
	EndGlobalSection
EndGlobal
